// !$*UTF8*$!
{
	archiveVersion = 1;
	classes = {
	};
	objectVersion = 56;
	objects = {

/* Begin PBXBuildFile section */
		1A1A1A1A1A1A1A1A1A1A1A1A /* QRAvatarApp.swift in Sources */ = {isa = PBXBuildFile; fileRef = 2A2A2A2A2A2A2A2A2A2A2A2A /* QRAvatarApp.swift */; };
		1B1B1B1B1B1B1B1B1B1B1B1B /* ContentView.swift in Sources */ = {isa = PBXBuildFile; fileRef = 2B2B2B2B2B2B2B2B2B2B2B2B /* ContentView.swift */; };
		1C1C1C1C1C1C1C1C1C1C1C1C /* Model.swift in Sources */ = {isa = PBXBuildFile; fileRef = 2C2C2C2C2C2C2C2C2C2C2C2C /* Model.swift */; };
		1D1D1D1D1D1D1D1D1D1D1D1D /* ModelPicker.swift in Sources */ = {isa = PBXBuildFile; fileRef = 2D2D2D2D2D2D2D2D2D2D2D2D /* ModelPicker.swift */; };
		1E1E1E1E1E1E1E1E1E1E1E1E /* ModelPickerViewModel.swift in Sources */ = {isa = PBXBuildFile; fileRef = 2E2E2E2E2E2E2E2E2E2E2E2E /* ModelPickerViewModel.swift */; };
		1F1F1F1F1F1F1F1F1F1F1F1F /* ModelPreview.swift in Sources */ = {isa = PBXBuildFile; fileRef = 2F2F2F2F2F2F2F2F2F2F2F2F /* ModelPreview.swift */; };
		1G1G1G1G1G1G1G1G1G1G1G1G /* AvatarPreviewView.swift in Sources */ = {isa = PBXBuildFile; fileRef = 2G2G2G2G2G2G2G2G2G2G2G2G /* AvatarPreviewView.swift */; };
		1H1H1H1H1H1H1H1H1H1H1H1H /* SimulatorPreviewHelper.swift in Sources */ = {isa = PBXBuildFile; fileRef = 2H2H2H2H2H2H2H2H2H2H2H2H /* SimulatorPreviewHelper.swift */; };
		1I1I1I1I1I1I1I1I1I1I1I1I /* QRScannerView.swift in Sources */ = {isa = PBXBuildFile; fileRef = 2I2I2I2I2I2I2I2I2I2I2I2I /* QRScannerView.swift */; };
		1J1J1J1J1J1J1J1J1J1J1J1J /* QRCodeGenerator.swift in Sources */ = {isa = PBXBuildFile; fileRef = 2J2J2J2J2J2J2J2J2J2J2J2J /* QRCodeGenerator.swift */; };
/* End PBXBuildFile section */

/* Begin PBXFileReference section */
		2A2A2A2A2A2A2A2A2A2A2A2A /* QRAvatarApp.swift */ = {isa = PBXFileReference; lastKnownFileType = sourcecode.swift; path = QRAvatarApp.swift; sourceTree = "<group>"; };
		2B2B2B2B2B2B2B2B2B2B2B2B /* ContentView.swift */ = {isa = PBXFileReference; lastKnownFileType = sourcecode.swift; path = ContentView.swift; sourceTree = "<group>"; };
		2C2C2C2C2C2C2C2C2C2C2C2C /* Model.swift */ = {isa = PBXFileReference; lastKnownFileType = sourcecode.swift; path = Model.swift; sourceTree = "<group>"; };
		2D2D2D2D2D2D2D2D2D2D2D2D /* ModelPicker.swift */ = {isa = PBXFileReference; lastKnownFileType = sourcecode.swift; path = ModelPicker.swift; sourceTree = "<group>"; };
		2E2E2E2E2E2E2E2E2E2E2E2E /* ModelPickerViewModel.swift */ = {isa = PBXFileReference; lastKnownFileType = sourcecode.swift; path = ModelPickerViewModel.swift; sourceTree = "<group>"; };
		2F2F2F2F2F2F2F2F2F2F2F2F /* ModelPreview.swift */ = {isa = PBXFileReference; lastKnownFileType = sourcecode.swift; path = ModelPreview.swift; sourceTree = "<group>"; };
		2G2G2G2G2G2G2G2G2G2G2G2G /* AvatarPreviewView.swift */ = {isa = PBXFileReference; lastKnownFileType = sourcecode.swift; path = AvatarPreviewView.swift; sourceTree = "<group>"; };
		2H2H2H2H2H2H2H2H2H2H2H2H /* SimulatorPreviewHelper.swift */ = {isa = PBXFileReference; lastKnownFileType = sourcecode.swift; path = SimulatorPreviewHelper.swift; sourceTree = "<group>"; };
		2I2I2I2I2I2I2I2I2I2I2I2I /* QRScannerView.swift */ = {isa = PBXFileReference; lastKnownFileType = sourcecode.swift; path = QRScannerView.swift; sourceTree = "<group>"; };
		2J2J2J2J2J2J2J2J2J2J2J2J /* QRCodeGenerator.swift */ = {isa = PBXFileReference; lastKnownFileType = sourcecode.swift; path = QRCodeGenerator.swift; sourceTree = "<group>"; };
		3A3A3A3A3A3A3A3A3A3A3A3A /* Info.plist */ = {isa = PBXFileReference; lastKnownFileType = text.plist.xml; path = Info.plist; sourceTree = "<group>"; };
		4A4A4A4A4A4A4A4A4A4A4A4A /* QRAvatarApp.app */ = {isa = PBXFileReference; explicitFileType = wrapper.application; includeInIndex = 0; path = QRAvatarApp.app; sourceTree = BUILT_PRODUCTS_DIR; };
/* End PBXFileReference section */

/* Begin PBXFrameworksBuildPhase section */
		5A5A5A5A5A5A5A5A5A5A5A5A /* Frameworks */ = {
			isa = PBXFrameworksBuildPhase;
			buildActionMask = 2147483647;
			files = (
			);
			runOnlyForDeploymentPostprocessing = 0;
		};
/* End PBXFrameworksBuildPhase section */

/* Begin PBXGroup section */
		6A6A6A6A6A6A6A6A6A6A6A6A = {
			isa = PBXGroup;
			children = (
				7A7A7A7A7A7A7A7A7A7A7A7A /* QRAvatarApp */,
				8A8A8A8A8A8A8A8A8A8A8A8A /* Products */,
			);
			sourceTree = "<group>";
		};
		8A8A8A8A8A8A8A8A8A8A8A8A /* Products */ = {
			isa = PBXGroup;
			children = (
				4A4A4A4A4A4A4A4A4A4A4A4A /* QRAvatarApp.app */,
			);
			name = Products;
			sourceTree = "<group>";
		};
		7A7A7A7A7A7A7A7A7A7A7A7A /* QRAvatarApp */ = {
			isa = PBXGroup;
			children = (
				2A2A2A2A2A2A2A2A2A2A2A2A /* QRAvatarApp.swift */,
				2B2B2B2B2B2B2B2B2B2B2B2B /* ContentView.swift */,
				2C2C2C2C2C2C2C2C2C2C2C2C /* Model.swift */,
				2D2D2D2D2D2D2D2D2D2D2D2D /* ModelPicker.swift */,
				2E2E2E2E2E2E2E2E2E2E2E2E /* ModelPickerViewModel.swift */,
				2F2F2F2F2F2F2F2F2F2F2F2F /* ModelPreview.swift */,
				2G2G2G2G2G2G2G2G2G2G2G2G /* AvatarPreviewView.swift */,
				2H2H2H2H2H2H2H2H2H2H2H2H /* SimulatorPreviewHelper.swift */,
				2I2I2I2I2I2I2I2I2I2I2I2I /* QRScannerView.swift */,
				2J2J2J2J2J2J2J2J2J2J2J2J /* QRCodeGenerator.swift */,
				3A3A3A3A3A3A3A3A3A3A3A3A /* Info.plist */,
			);
			path = QRAvatarApp;
			sourceTree = "<group>";
		};
/* End PBXGroup section */

/* Begin PBXNativeTarget section */
		9A9A9A9A9A9A9A9A9A9A9A9A /* QRAvatarApp */ = {
			isa = PBXNativeTarget;
			buildConfigurationList = AAAAAAAAAAAAAAAAAAAAAAAA /* Build configuration list for PBXNativeTarget "QRAvatarApp" */;
			buildPhases = (
				BBBBBBBBBBBBBBBBBBBBBBBB /* Sources */,
				5A5A5A5A5A5A5A5A5A5A5A5A /* Frameworks */,
				CCCCCCCCCCCCCCCCCCCCCCCC /* Resources */,
			);
			buildRules = (
			);
			dependencies = (
			);
			name = QRAvatarApp;
			productName = QRAvatarApp;
			productReference = 4A4A4A4A4A4A4A4A4A4A4A4A /* QRAvatarApp.app */;
			productType = "com.apple.product-type.application";
		};
/* End PBXNativeTarget section */

/* Begin PBXProject section */
		DDDDDDDDDDDDDDDDDDDDDDDD /* Project object */ = {
			isa = PBXProject;
			attributes = {
				BuildIndependentTargetsInParallel = 1;
				LastSwiftUpdateCheck = 1500;
				LastUpgradeCheck = 1500;
				TargetAttributes = {
					9A9A9A9A9A9A9A9A9A9A9A9A = {
						CreatedOnToolsVersion = 15.0;
					};
				};
			};
			buildConfigurationList = EEEEEEEEEEEEEEEEEEEEEEEE /* Build configuration list for PBXProject "QRAvatarApp" */;
			compatibilityVersion = "Xcode 14.0";
			developmentRegion = en;
			hasScannedForEncodings = 0;
			knownRegions = (
				en,
				Base,
			);
			mainGroup = 6A6A6A6A6A6A6A6A6A6A6A6A;
			productRefGroup = 8A8A8A8A8A8A8A8A8A8A8A8A /* Products */;
			projectDirPath = "";
			projectRoot = "";
			targets = (
				9A9A9A9A9A9A9A9A9A9A9A9A /* QRAvatarApp */,
			);
		};
/* End PBXProject section */

/* Begin PBXResourcesBuildPhase section */
		CCCCCCCCCCCCCCCCCCCCCCCC /* Resources */ = {
			isa = PBXResourcesBuildPhase;
			buildActionMask = 2147483647;
			files = (
			);
			runOnlyForDeploymentPostprocessing = 0;
		};
/* End PBXResourcesBuildPhase section */

/* Begin PBXSourcesBuildPhase section */
		BBBBBBBBBBBBBBBBBBBBBBBB /* Sources */ = {
			isa = PBXSourcesBuildPhase;
			buildActionMask = 2147483647;
			files = (
				1B1B1B1B1B1B1B1B1B1B1B1B /* ContentView.swift in Sources */,
				1C1C1C1C1C1C1C1C1C1C1C1C /* Model.swift in Sources */,
				1D1D1D1D1D1D1D1D1D1D1D1D /* ModelPicker.swift in Sources */,
				1E1E1E1E1E1E1E1E1E1E1E1E /* ModelPickerViewModel.swift in Sources */,
				1F1F1F1F1F1F1F1F1F1F1F1F /* ModelPreview.swift in Sources */,
				1G1G1G1G1G1G1G1G1G1G1G1G /* AvatarPreviewView.swift in Sources */,
				1H1H1H1H1H1H1H1H1H1H1H1H /* SimulatorPreviewHelper.swift in Sources */,
				1I1I1I1I1I1I1I1I1I1I1I1I /* QRScannerView.swift in Sources */,
				1J1J1J1J1J1J1J1J1J1J1J1J /* QRCodeGenerator.swift in Sources */,
				1A1A1A1A1A1A1A1A1A1A1A1A /* QRAvatarApp.swift in Sources */,
			);
			runOnlyForDeploymentPostprocessing = 0;
		};
/* End PBXSourcesBuildPhase section */

/* Begin XCBuildConfiguration section */
		FFFFFFFFFFFFFFFFFFFF0000 /* Debug */ = {
			isa = XCBuildConfiguration;
			buildSettings = {
				ALWAYS_SEARCH_USER_PATHS = NO;
				ASSETCATALOG_COMPILER_GENERATE_SWIFT_ASSET_SYMBOL_EXTENSIONS = YES;
				CLANG_ANALYZER_NONNULL = YES;
				CLANG_ANALYZER_NUMBER_OBJECT_CONVERSION = YES_AGGRESSIVE;
				CLANG_CXX_LANGUAGE_STANDARD = "gnu++20";
				CLANG_ENABLE_MODULES = YES;
				CLANG_ENABLE_OBJC_ARC = YES;
				CLANG_ENABLE_OBJC_WEAK = YES;
				CLANG_WARN_BLOCK_CAPTURE_AUTORELEASING = YES;
				CLANG_WARN_BOOL_CONVERSION = YES;
				CLANG_WARN_COMMA = YES;
				CLANG_WARN_CONSTANT_CONVERSION = YES;
				CLANG_WARN_DEPRECATED_OBJC_IMPLEMENTATIONS = YES;
				CLANG_WARN_DIRECT_OBJC_ISA_USAGE = YES_ERROR;
				CLANG_WARN_DOCUMENTATION_COMMENTS = YES;
				CLANG_WARN_EMPTY_BODY = YES;
				CLANG_WARN_ENUM_CONVERSION = YES;
				CLANG_WARN_INFINITE_RECURSION = YES;
				CLANG_WARN_INT_CONVERSION = YES;
				CLANG_WARN_NON_LITERAL_NULL_CONVERSION = YES;
				CLANG_WARN_OBJC_IMPLICIT_RETAIN_SELF = YES;
				CLANG_WARN_OBJC_LITERAL_CONVERSION = YES;
				CLANG_WARN_OBJC_ROOT_CLASS = YES_ERROR;
				CLANG_WARN_QUOTED_INCLUDE_IN_FRAMEWORK_HEADER = YES;
				CLANG_WARN_RANGE_LOOP_ANALYSIS = YES;
				CLANG_WARN_STRICT_PROTOTYPES = YES;
				CLANG_WARN_SUSPICIOUS_MOVE = YES;
				CLANG_WARN_UNGUARDED_AVAILABILITY = YES_AGGRESSIVE;
				CLANG_WARN_UNREACHABLE_CODE = YES;
				CLANG_WARN__DUPLICATE_METHOD_MATCH = YES;
				COPY_PHASE_STRIP = NO;
				DEBUG_INFORMATION_FORMAT = dwarf;
				ENABLE_STRICT_OBJC_MSGSEND = YES;
				ENABLE_TESTABILITY = YES;
				ENABLE_USER_SCRIPT_SANDBOXING = YES;
				GCC_C_LANGUAGE_STANDARD = gnu17;
				GCC_DYNAMIC_NO_PIC = NO;
				GCC_NO_COMMON_BLOCKS = YES;
				GCC_OPTIMIZATION_LEVEL = 0;
				GCC_PREPROCESSOR_DEFINITIONS = (
					"DEBUG=1",
					"$(inherited)",
				);
				GCC_WARN_64_TO_32_BIT_CONVERSION = YES;
				GCC_WARN_ABOUT_RETURN_TYPE = YES_ERROR;
				GCC_WARN_UNDECLARED_SELECTOR = YES;
				GCC_WARN_UNINITIALIZED_AUTOS = YES_AGGRESSIVE;
				GCC_WARN_UNUSED_FUNCTION = YES;
				GCC_WARN_UNUSED_VARIABLE = YES;
				IPHONEOS_DEPLOYMENT_TARGET = 16.0;
				LOCALIZATION_PREFERS_STRING_CATALOGS = YES;
				MTL_ENABLE_DEBUG_INFO = INCLUDE_SOURCE;
				MTL_FAST_MATH = YES;
				ONLY_ACTIVE_ARCH = YES;
				SDKROOT = iphoneos;
				SWIFT_ACTIVE_COMPILATION_CONDITIONS = "DEBUG $(inherited)";
				SWIFT_OPTIMIZATION_LEVEL = "-Onone";
			};
			name = Debug;
		};
		FFFFFFFFFFFFFFFFFFFF0001 /* Release */ = {
			isa = XCBuildConfiguration;
			buildSettings = {
				ALWAYS_SEARCH_USER_PATHS = NO;
				ASSETCATALOG_COMPILER_GENERATE_SWIFT_ASSET_SYMBOL_EXTENSIONS = YES;
				CLANG_ANALYZER_NONNULL = YES;
				CLANG_ANALYZER_NUMBER_OBJECT_CONVERSION = YES_AGGRESSIVE;
				CLANG_CXX_LANGUAGE_STANDARD = "gnu++20";
				CLANG_ENABLE_MODULES = YES;
				CLANG_ENABLE_OBJC_ARC = YES;
				CLANG_ENABLE_OBJC_WEAK = YES;
				CLANG_WARN_BLOCK_CAPTURE_AUTORELEASING = YES;
				CLANG_WARN_BOOL_CONVERSION = YES;
				CLANG_WARN_COMMA = YES;
				CLANG_WARN_CONSTANT_CONVERSION = YES;
				CLANG_WARN_DEPRECATED_OBJC_IMPLEMENTATIONS = YES;
				CLANG_WARN_DIRECT_OBJC_ISA_USAGE = YES_ERROR;
				CLANG_WARN_DOCUMENTATION_COMMENTS = YES;
				CLANG_WARN_EMPTY_BODY = YES;
				CLANG_WARN_ENUM_CONVERSION = YES;
				CLANG_WARN_INFINITE_RECURSION = YES;
				CLANG_WARN_INT_CONVERSION = YES;
				CLANG_WARN_NON_LITERAL_NULL_CONVERSION = YES;
				CLANG_WARN_OBJC_IMPLICIT_RETAIN_SELF = YES;
				CLANG_WARN_OBJC_LITERAL_CONVERSION = YES;
				CLANG_WARN_OBJC_ROOT_CLASS = YES_ERROR;
				CLANG_WARN_QUOTED_INCLUDE_IN_FRAMEWORK_HEADER = YES;
				CLANG_WARN_RANGE_LOOP_ANALYSIS = YES;
				CLANG_WARN_STRICT_PROTOTYPES = YES;
				CLANG_WARN_SUSPICIOUS_MOVE = YES;
				CLANG_WARN_UNGUARDED_AVAILABILITY = YES_AGGRESSIVE;
				CLANG_WARN_UNREACHABLE_CODE = YES;
				CLANG_WARN__DUPLICATE_METHOD_MATCH = YES;
				COPY_PHASE_STRIP = NO;
				DEBUG_INFORMATION_FORMAT = "dwarf-with-dsym";
				ENABLE_NS_ASSERTIONS = NO;
				ENABLE_STRICT_OBJC_MSGSEND = YES;
				ENABLE_USER_SCRIPT_SANDBOXING = YES;
				GCC_C_LANGUAGE_STANDARD = gnu17;
				GCC_NO_COMMON_BLOCKS = YES;
				GCC_WARN_64_TO_32_BIT_CONVERSION = YES;
				GCC_WARN_ABOUT_RETURN_TYPE = YES_ERROR;
				GCC_WARN_UNDECLARED_SELECTOR = YES;
				GCC_WARN_UNINITIALIZED_AUTOS = YES_AGGRESSIVE;
				GCC_WARN_UNUSED_FUNCTION = YES;
				GCC_WARN_UNUSED_VARIABLE = YES;
				IPHONEOS_DEPLOYMENT_TARGET = 16.0;
				LOCALIZATION_PREFERS_STRING_CATALOGS = YES;
				MTL_ENABLE_DEBUG_INFO = NO;
				MTL_FAST_MATH = YES;
				SDKROOT = iphoneos;
				SWIFT_COMPILATION_MODE = wholemodule;
				VALIDATE_PRODUCT = YES;
			};
			name = Release;
		};
		FFFFFFFFFFFFFFFFFFFF0002 /* Debug */ = {
			isa = XCBuildConfiguration;
			buildSettings = {
				ASSETCATALOG_COMPILER_APPICON_NAME = AppIcon;
				ASSETCATALOG_COMPILER_GLOBAL_ACCENT_COLOR_NAME = AccentColor;
				CODE_SIGN_STYLE = Automatic;
				CURRENT_PROJECT_VERSION = 1;
				DEVELOPMENT_ASSET_PATHS = "";
				DEVELOPMENT_TEAM = "";
				ENABLE_PREVIEWS = YES;
				GENERATE_INFOPLIST_FILE = YES;
				INFOPLIST_FILE = QRAvatarApp/Info.plist;
				INFOPLIST_KEY_UIApplicationSceneManifest_Generation = YES;
				INFOPLIST_KEY_UIApplicationSupportsIndirectInputEvents = YES;
				INFOPLIST_KEY_UILaunchScreen_Generation = YES;
				INFOPLIST_KEY_UISupportedInterfaceOrientations_iPad = "UIInterfaceOrientationPortrait UIInterfaceOrientationPortraitUpsideDown UIInterfaceOrientationLandscapeLeft UIInterfaceOrientationLandscapeRight";
				INFOPLIST_KEY_UISupportedInterfaceOrientations_iPhone = "UIInterfaceOrientationPortrait UIInterfaceOrientationLandscapeLeft UIInterfaceOrientationLandscapeRight";
				LD_RUNPATH_SEARCH_PATHS = (
					"$(inherited)",
					"@executable_path/Frameworks",
				);
				MARKETING_VERSION = 1.0;
				PRODUCT_BUNDLE_IDENTIFIER = com.example.QRAvatarApp;
				PRODUCT_NAME = "$(TARGET_NAME)";
				SWIFT_EMIT_LOC_STRINGS = YES;
				SWIFT_VERSION = 5.0;
				TARGETED_DEVICE_FAMILY = "1,2";
			};
			name = Debug;
		};
		FFFFFFFFFFFFFFFFFFFF0003 /* Release */ = {
			isa = XCBuildConfiguration;
			buildSettings = {
				ASSETCATALOG_COMPILER_APPICON_NAME = AppIcon;
				ASSETCATALOG_COMPILER_GLOBAL_ACCENT_COLOR_NAME = AccentColor;
				CODE_SIGN_STYLE = Automatic;
				CURRENT_PROJECT_VERSION = 1;
				DEVELOPMENT_ASSET_PATHS = "";
				DEVELOPMENT_TEAM = "";
				ENABLE_PREVIEWS = YES;
				GENERATE_INFOPLIST_FILE = YES;
				INFOPLIST_FILE = QRAvatarApp/Info.plist;
				INFOPLIST_KEY_UIApplicationSceneManifest_Generation = YES;
				INFOPLIST_KEY_UIApplicationSupportsIndirectInputEvents = YES;
				INFOPLIST_KEY_UILaunchScreen_Generation = YES;
				INFOPLIST_KEY_UISupportedInterfaceOrientations_iPad = "UIInterfaceOrientationPortrait UIInterfaceOrientationPortraitUpsideDown UIInterfaceOrientationLandscapeLeft UIInterfaceOrientationLandscapeRight";
				INFOPLIST_KEY_UISupportedInterfaceOrientations_iPhone = "UIInterfaceOrientationPortrait UIInterfaceOrientationLandscapeLeft UIInterfaceOrientationLandscapeRight";
				LD_RUNPATH_SEARCH_PATHS = (
					"$(inherited)",
					"@executable_path/Frameworks",
				);
				MARKETING_VERSION = 1.0;
				PRODUCT_BUNDLE_IDENTIFIER = com.example.QRAvatarApp;
				PRODUCT_NAME = "$(TARGET_NAME)";
				SWIFT_EMIT_LOC_STRINGS = YES;
				SWIFT_VERSION = 5.0;
				TARGETED_DEVICE_FAMILY = "1,2";
			};
			name = Release;
		};
/* End XCBuildConfiguration section */

/* Begin XCConfigurationList section */
		AAAAAAAAAAAAAAAAAAAAAAAA /* Build configuration list for PBXNativeTarget "QRAvatarApp" */ = {
			isa = XCConfigurationList;
			buildConfigurations = (
				FFFFFFFFFFFFFFFFFFFF0002 /* Debug */,
				FFFFFFFFFFFFFFFFFFFF0003 /* Release */,
			);
			defaultConfigurationIsVisible = 0;
			defaultConfigurationName = Release;
		};
		EEEEEEEEEEEEEEEEEEEEEEEE /* Build configuration list for PBXProject "QRAvatarApp" */ = {
			isa = XCConfigurationList;
			buildConfigurations = (
				FFFFFFFFFFFFFFFFFFFF0000 /* Debug */,
				FFFFFFFFFFFFFFFFFFFF0001 /* Release */,
			);
			defaultConfigurationIsVisible = 0;
			defaultConfigurationName = Release;
		};
/* End XCConfigurationList section */
	};
	rootObject = DDDDDDDDDDDDDDDDDDDDDDDD /* Project object */;
} 